
Microsoft Visual Studio Solution File, Format Version 12.00
# Visual Studio Version 17
VisualStudioVersion = 17.11.35219.272
MinimumVisualStudioVersion = 10.0.40219.1
Project("{FAE04EC0-301F-11D3-BF4B-00C04F79EFBC}") = "Biblioteket Math", "Biblioteket Math.csproj", "{DF61EFCD-6D07-4084-9405-F72716225605}"
EndProject
Global
	GlobalSection(SolutionConfigurationPlatforms) = preSolution
		Debug|Any CPU = Debug|Any CPU
		Release|Any CPU = Release|Any CPU
	EndGlobalSection
	GlobalSection(ProjectConfigurationPlatforms) = postSolution
		{DF61EFCD-6D07-4084-9405-F72716225605}.Debug|Any CPU.ActiveCfg = Debug|Any CPU
		{DF61EFCD-6D07-4084-9405-F72716225605}.Debug|Any CPU.Build.0 = Debug|Any CPU
		{DF61EFCD-6D07-4084-9405-F72716225605}.Release|Any CPU.ActiveCfg = Release|Any CPU
		{DF61EFCD-6D07-4084-9405-F72716225605}.Release|Any CPU.Build.0 = Release|Any CPU
	EndGlobalSection
	GlobalSection(SolutionProperties) = preSolution
		HideSolutionNode = FALSE
	EndGlobalSection
	GlobalSection(ExtensibilityGlobals) = postSolution
		SolutionGuid = {BF4E8A02-1776-4A41-B667-621FB63A8E30}
	EndGlobalSection
EndGlobal
