
Microsoft Visual Studio Solution File, Format Version 12.00
# Visual Studio Version 17
VisualStudioVersion = 17.11.35431.28
MinimumVisualStudioVersion = 10.0.40219.1
Project("{FAE04EC0-301F-11D3-BF4B-00C04F79EFBC}") = "Kræsjkurs i Klasser", "Kræsjkurs i Klasser.csproj", "{70000DC4-6F33-494B-83C8-B6225B503721}"
EndProject
Global
	GlobalSection(SolutionConfigurationPlatforms) = preSolution
		Debug|Any CPU = Debug|Any CPU
		Release|Any CPU = Release|Any CPU
	EndGlobalSection
	GlobalSection(ProjectConfigurationPlatforms) = postSolution
		{70000DC4-6F33-494B-83C8-B6225B503721}.Debug|Any CPU.ActiveCfg = Debug|Any CPU
		{70000DC4-6F33-494B-83C8-B6225B503721}.Debug|Any CPU.Build.0 = Debug|Any CPU
		{70000DC4-6F33-494B-83C8-B6225B503721}.Release|Any CPU.ActiveCfg = Release|Any CPU
		{70000DC4-6F33-494B-83C8-B6225B503721}.Release|Any CPU.Build.0 = Release|Any CPU
	EndGlobalSection
	GlobalSection(SolutionProperties) = preSolution
		HideSolutionNode = FALSE
	EndGlobalSection
	GlobalSection(ExtensibilityGlobals) = postSolution
		SolutionGuid = {B0ABCD09-CC69-4C2F-AED1-72C7639209A2}
	EndGlobalSection
EndGlobal
