
Microsoft Visual Studio Solution File, Format Version 12.00
# Visual Studio Version 17
VisualStudioVersion = 17.11.35312.102
MinimumVisualStudioVersion = 10.0.40219.1
Project("{FAE04EC0-301F-11D3-BF4B-00C04F79EFBC}") = "Funksjoner med Parametre", "Funksjoner med Parametre.csproj", "{570C5B23-AD7B-474D-B006-67E02B6B7DBF}"
EndProject
Global
	GlobalSection(SolutionConfigurationPlatforms) = preSolution
		Debug|Any CPU = Debug|Any CPU
		Release|Any CPU = Release|Any CPU
	EndGlobalSection
	GlobalSection(ProjectConfigurationPlatforms) = postSolution
		{570C5B23-AD7B-474D-B006-67E02B6B7DBF}.Debug|Any CPU.ActiveCfg = Debug|Any CPU
		{570C5B23-AD7B-474D-B006-67E02B6B7DBF}.Debug|Any CPU.Build.0 = Debug|Any CPU
		{570C5B23-AD7B-474D-B006-67E02B6B7DBF}.Release|Any CPU.ActiveCfg = Release|Any CPU
		{570C5B23-AD7B-474D-B006-67E02B6B7DBF}.Release|Any CPU.Build.0 = Release|Any CPU
	EndGlobalSection
	GlobalSection(SolutionProperties) = preSolution
		HideSolutionNode = FALSE
	EndGlobalSection
	GlobalSection(ExtensibilityGlobals) = postSolution
		SolutionGuid = {19EB2624-E054-4925-9C6A-76B070F69256}
	EndGlobalSection
EndGlobal
