
Microsoft Visual Studio Solution File, Format Version 12.00
# Visual Studio Version 17
VisualStudioVersion = 17.11.35222.181
MinimumVisualStudioVersion = 10.0.40219.1
Project("{FAE04EC0-301F-11D3-BF4B-00C04F79EFBC}") = "Try - Catch", "Try - Catch.csproj", "{2814E8F2-21A7-4B75-87C9-6BBDFDE1D1F2}"
EndProject
Global
	GlobalSection(SolutionConfigurationPlatforms) = preSolution
		Debug|Any CPU = Debug|Any CPU
		Release|Any CPU = Release|Any CPU
	EndGlobalSection
	GlobalSection(ProjectConfigurationPlatforms) = postSolution
		{2814E8F2-21A7-4B75-87C9-6BBDFDE1D1F2}.Debug|Any CPU.ActiveCfg = Debug|Any CPU
		{2814E8F2-21A7-4B75-87C9-6BBDFDE1D1F2}.Debug|Any CPU.Build.0 = Debug|Any CPU
		{2814E8F2-21A7-4B75-87C9-6BBDFDE1D1F2}.Release|Any CPU.ActiveCfg = Release|Any CPU
		{2814E8F2-21A7-4B75-87C9-6BBDFDE1D1F2}.Release|Any CPU.Build.0 = Release|Any CPU
	EndGlobalSection
	GlobalSection(SolutionProperties) = preSolution
		HideSolutionNode = FALSE
	EndGlobalSection
	GlobalSection(ExtensibilityGlobals) = postSolution
		SolutionGuid = {F9DB61FF-0D4B-491A-9117-248D683A9500}
	EndGlobalSection
EndGlobal
