
Microsoft Visual Studio Solution File, Format Version 12.00
# Visual Studio Version 17
VisualStudioVersion = 17.11.35327.3
MinimumVisualStudioVersion = 10.0.40219.1
Project("{FAE04EC0-301F-11D3-BF4B-00C04F79EFBC}") = "Stolpediagram, sektordiagram og histogram", "Stolpediagram, sektordiagram og histogram.csproj", "{D7E35BBE-BACC-4D71-9489-AA79F2B1D790}"
EndProject
Global
	GlobalSection(SolutionConfigurationPlatforms) = preSolution
		Debug|Any CPU = Debug|Any CPU
		Release|Any CPU = Release|Any CPU
	EndGlobalSection
	GlobalSection(ProjectConfigurationPlatforms) = postSolution
		{D7E35BBE-BACC-4D71-9489-AA79F2B1D790}.Debug|Any CPU.ActiveCfg = Debug|Any CPU
		{D7E35BBE-BACC-4D71-9489-AA79F2B1D790}.Debug|Any CPU.Build.0 = Debug|Any CPU
		{D7E35BBE-BACC-4D71-9489-AA79F2B1D790}.Release|Any CPU.ActiveCfg = Release|Any CPU
		{D7E35BBE-BACC-4D71-9489-AA79F2B1D790}.Release|Any CPU.Build.0 = Release|Any CPU
	EndGlobalSection
	GlobalSection(SolutionProperties) = preSolution
		HideSolutionNode = FALSE
	EndGlobalSection
	GlobalSection(ExtensibilityGlobals) = postSolution
		SolutionGuid = {690EB16E-51CE-4F66-8F46-286732A2A332}
	EndGlobalSection
EndGlobal
