
Microsoft Visual Studio Solution File, Format Version 12.00
# Visual Studio Version 17
VisualStudioVersion = 17.11.35327.3
MinimumVisualStudioVersion = 10.0.40219.1
Project("{FAE04EC0-301F-11D3-BF4B-00C04F79EFBC}") = "Oppgave 6", "Oppgave 6.csproj", "{85C0CB34-57D0-432C-86D8-C44F2FDBFA19}"
EndProject
Global
	GlobalSection(SolutionConfigurationPlatforms) = preSolution
		Debug|Any CPU = Debug|Any CPU
		Release|Any CPU = Release|Any CPU
	EndGlobalSection
	GlobalSection(ProjectConfigurationPlatforms) = postSolution
		{85C0CB34-57D0-432C-86D8-C44F2FDBFA19}.Debug|Any CPU.ActiveCfg = Debug|Any CPU
		{85C0CB34-57D0-432C-86D8-C44F2FDBFA19}.Debug|Any CPU.Build.0 = Debug|Any CPU
		{85C0CB34-57D0-432C-86D8-C44F2FDBFA19}.Release|Any CPU.ActiveCfg = Release|Any CPU
		{85C0CB34-57D0-432C-86D8-C44F2FDBFA19}.Release|Any CPU.Build.0 = Release|Any CPU
	EndGlobalSection
	GlobalSection(SolutionProperties) = preSolution
		HideSolutionNode = FALSE
	EndGlobalSection
	GlobalSection(ExtensibilityGlobals) = postSolution
		SolutionGuid = {D2D5A898-DF74-47C0-9ED7-26BFECD57ECE}
	EndGlobalSection
EndGlobal
