
Microsoft Visual Studio Solution File, Format Version 12.00
# Visual Studio Version 17
VisualStudioVersion = 17.11.35222.181
MinimumVisualStudioVersion = 10.0.40219.1
Project("{FAE04EC0-301F-11D3-BF4B-00C04F79EFBC}") = "Oppgave 1", "Oppgave 1.csproj", "{CD9E1CFE-EEB4-4363-9286-4FF10CC829CD}"
EndProject
Global
	GlobalSection(SolutionConfigurationPlatforms) = preSolution
		Debug|Any CPU = Debug|Any CPU
		Release|Any CPU = Release|Any CPU
	EndGlobalSection
	GlobalSection(ProjectConfigurationPlatforms) = postSolution
		{CD9E1CFE-EEB4-4363-9286-4FF10CC829CD}.Debug|Any CPU.ActiveCfg = Debug|Any CPU
		{CD9E1CFE-EEB4-4363-9286-4FF10CC829CD}.Debug|Any CPU.Build.0 = Debug|Any CPU
		{CD9E1CFE-EEB4-4363-9286-4FF10CC829CD}.Release|Any CPU.ActiveCfg = Release|Any CPU
		{CD9E1CFE-EEB4-4363-9286-4FF10CC829CD}.Release|Any CPU.Build.0 = Release|Any CPU
	EndGlobalSection
	GlobalSection(SolutionProperties) = preSolution
		HideSolutionNode = FALSE
	EndGlobalSection
	GlobalSection(ExtensibilityGlobals) = postSolution
		SolutionGuid = {23BF6C23-C382-41CF-94D4-036D0A66BA89}
	EndGlobalSection
EndGlobal
