
Microsoft Visual Studio Solution File, Format Version 12.00
# Visual Studio Version 17
VisualStudioVersion = 17.11.35431.28
MinimumVisualStudioVersion = 10.0.40219.1
Project("{FAE04EC0-301F-11D3-BF4B-00C04F79EFBC}") = "Kaprekars Algoritme", "Kaprekars Algoritme.csproj", "{5BB08B4F-EA51-4F8C-B134-142C6A3CB142}"
EndProject
Global
	GlobalSection(SolutionConfigurationPlatforms) = preSolution
		Debug|Any CPU = Debug|Any CPU
		Release|Any CPU = Release|Any CPU
	EndGlobalSection
	GlobalSection(ProjectConfigurationPlatforms) = postSolution
		{5BB08B4F-EA51-4F8C-B134-142C6A3CB142}.Debug|Any CPU.ActiveCfg = Debug|Any CPU
		{5BB08B4F-EA51-4F8C-B134-142C6A3CB142}.Debug|Any CPU.Build.0 = Debug|Any CPU
		{5BB08B4F-EA51-4F8C-B134-142C6A3CB142}.Release|Any CPU.ActiveCfg = Release|Any CPU
		{5BB08B4F-EA51-4F8C-B134-142C6A3CB142}.Release|Any CPU.Build.0 = Release|Any CPU
	EndGlobalSection
	GlobalSection(SolutionProperties) = preSolution
		HideSolutionNode = FALSE
	EndGlobalSection
	GlobalSection(ExtensibilityGlobals) = postSolution
		SolutionGuid = {5D856279-6C8A-49C5-848E-DBF58AE4E66F}
	EndGlobalSection
EndGlobal
