
Microsoft Visual Studio Solution File, Format Version 12.00
# Visual Studio Version 17
VisualStudioVersion = 17.11.35327.3
MinimumVisualStudioVersion = 10.0.40219.1
Project("{FAE04EC0-301F-11D3-BF4B-00C04F79EFBC}") = "Using Multiple Classes", "Using Multiple Classes.csproj", "{0D1B1988-2DBF-4CEC-BDA1-AB3117746756}"
EndProject
Global
	GlobalSection(SolutionConfigurationPlatforms) = preSolution
		Debug|Any CPU = Debug|Any CPU
		Release|Any CPU = Release|Any CPU
	EndGlobalSection
	GlobalSection(ProjectConfigurationPlatforms) = postSolution
		{0D1B1988-2DBF-4CEC-BDA1-AB3117746756}.Debug|Any CPU.ActiveCfg = Debug|Any CPU
		{0D1B1988-2DBF-4CEC-BDA1-AB3117746756}.Debug|Any CPU.Build.0 = Debug|Any CPU
		{0D1B1988-2DBF-4CEC-BDA1-AB3117746756}.Release|Any CPU.ActiveCfg = Release|Any CPU
		{0D1B1988-2DBF-4CEC-BDA1-AB3117746756}.Release|Any CPU.Build.0 = Release|Any CPU
	EndGlobalSection
	GlobalSection(SolutionProperties) = preSolution
		HideSolutionNode = FALSE
	EndGlobalSection
	GlobalSection(ExtensibilityGlobals) = postSolution
		SolutionGuid = {877E3299-BD83-4C97-A903-96D8E85B3175}
	EndGlobalSection
EndGlobal
