
Microsoft Visual Studio Solution File, Format Version 12.00
# Visual Studio Version 17
VisualStudioVersion = 17.11.35303.130
MinimumVisualStudioVersion = 10.0.40219.1
Project("{FAE04EC0-301F-11D3-BF4B-00C04F79EFBC}") = "Redigere Lister", "Redigere Lister.csproj", "{77CE1DCA-2F5D-4E41-AF77-EB2237B3CB6C}"
EndProject
Global
	GlobalSection(SolutionConfigurationPlatforms) = preSolution
		Debug|Any CPU = Debug|Any CPU
		Release|Any CPU = Release|Any CPU
	EndGlobalSection
	GlobalSection(ProjectConfigurationPlatforms) = postSolution
		{77CE1DCA-2F5D-4E41-AF77-EB2237B3CB6C}.Debug|Any CPU.ActiveCfg = Debug|Any CPU
		{77CE1DCA-2F5D-4E41-AF77-EB2237B3CB6C}.Debug|Any CPU.Build.0 = Debug|Any CPU
		{77CE1DCA-2F5D-4E41-AF77-EB2237B3CB6C}.Release|Any CPU.ActiveCfg = Release|Any CPU
		{77CE1DCA-2F5D-4E41-AF77-EB2237B3CB6C}.Release|Any CPU.Build.0 = Release|Any CPU
	EndGlobalSection
	GlobalSection(SolutionProperties) = preSolution
		HideSolutionNode = FALSE
	EndGlobalSection
	GlobalSection(ExtensibilityGlobals) = postSolution
		SolutionGuid = {174E6F2B-E2D5-47F1-98AE-97DA04BC8976}
	EndGlobalSection
EndGlobal
