
Microsoft Visual Studio Solution File, Format Version 12.00
# Visual Studio Version 17
VisualStudioVersion = 17.11.35312.102
MinimumVisualStudioVersion = 10.0.40219.1
Project("{FAE04EC0-301F-11D3-BF4B-00C04F79EFBC}") = "Returverdier", "Returverdier.csproj", "{305CD0B3-370B-402C-A404-D06533477CBB}"
EndProject
Global
	GlobalSection(SolutionConfigurationPlatforms) = preSolution
		Debug|Any CPU = Debug|Any CPU
		Release|Any CPU = Release|Any CPU
	EndGlobalSection
	GlobalSection(ProjectConfigurationPlatforms) = postSolution
		{305CD0B3-370B-402C-A404-D06533477CBB}.Debug|Any CPU.ActiveCfg = Debug|Any CPU
		{305CD0B3-370B-402C-A404-D06533477CBB}.Debug|Any CPU.Build.0 = Debug|Any CPU
		{305CD0B3-370B-402C-A404-D06533477CBB}.Release|Any CPU.ActiveCfg = Release|Any CPU
		{305CD0B3-370B-402C-A404-D06533477CBB}.Release|Any CPU.Build.0 = Release|Any CPU
	EndGlobalSection
	GlobalSection(SolutionProperties) = preSolution
		HideSolutionNode = FALSE
	EndGlobalSection
	GlobalSection(ExtensibilityGlobals) = postSolution
		SolutionGuid = {E5B593E9-DF10-440A-8AE1-310326909382}
	EndGlobalSection
EndGlobal
