
Microsoft Visual Studio Solution File, Format Version 12.00
# Visual Studio Version 17
VisualStudioVersion = 17.11.35431.28
MinimumVisualStudioVersion = 10.0.40219.1
Project("{FAE04EC0-301F-11D3-BF4B-00C04F79EFBC}") = "Grunnleggende filbehandling", "Grunnleggende filbehandling.csproj", "{F1103772-6837-4D6A-9FFA-6D15651091BF}"
EndProject
Global
	GlobalSection(SolutionConfigurationPlatforms) = preSolution
		Debug|Any CPU = Debug|Any CPU
		Release|Any CPU = Release|Any CPU
	EndGlobalSection
	GlobalSection(ProjectConfigurationPlatforms) = postSolution
		{F1103772-6837-4D6A-9FFA-6D15651091BF}.Debug|Any CPU.ActiveCfg = Debug|Any CPU
		{F1103772-6837-4D6A-9FFA-6D15651091BF}.Debug|Any CPU.Build.0 = Debug|Any CPU
		{F1103772-6837-4D6A-9FFA-6D15651091BF}.Release|Any CPU.ActiveCfg = Release|Any CPU
		{F1103772-6837-4D6A-9FFA-6D15651091BF}.Release|Any CPU.Build.0 = Release|Any CPU
	EndGlobalSection
	GlobalSection(SolutionProperties) = preSolution
		HideSolutionNode = FALSE
	EndGlobalSection
	GlobalSection(ExtensibilityGlobals) = postSolution
		SolutionGuid = {873A8D0F-EA88-46CD-B4DC-6A39281EBDD3}
	EndGlobalSection
EndGlobal
